
Microsoft Visual Studio Solution File, Format Version 12.00
# Visual Studio Version 16
VisualStudioVersion = 16.0.809.1
MinimumVisualStudioVersion = 10.0.40219.1
Project("{FAE04EC0-301F-11D3-BF4B-00C04F79EFBC}") = "Skynet", "Skynet\Skynet.csproj", "{DF5A990A-B7BD-4684-8E35-615741DF36C6}"
EndProject
Global
	GlobalSection(SolutionConfigurationPlatforms) = preSolution
		Debug|Any CPU = Debug|Any CPU
		Release|Any CPU = Release|Any CPU
	EndGlobalSection
	GlobalSection(ProjectConfigurationPlatforms) = postSolution
		{DF5A990A-B7BD-4684-8E35-615741DF36C6}.Debug|Any CPU.ActiveCfg = Debug|Any CPU
		{DF5A990A-B7BD-4684-8E35-615741DF36C6}.Debug|Any CPU.Build.0 = Debug|Any CPU
		{DF5A990A-B7BD-4684-8E35-615741DF36C6}.Release|Any CPU.ActiveCfg = Release|Any CPU
		{DF5A990A-B7BD-4684-8E35-615741DF36C6}.Release|Any CPU.Build.0 = Release|Any CPU
	EndGlobalSection
	GlobalSection(SolutionProperties) = preSolution
		HideSolutionNode = FALSE
	EndGlobalSection
	GlobalSection(ExtensibilityGlobals) = postSolution
		SolutionGuid = {055BC96D-127C-4C58-829F-4B35A6FA9F5A}
	EndGlobalSection
EndGlobal
